
Microsoft Visual Studio Solution File, Format Version 12.00
# Visual Studio Version 17
VisualStudioVersion = 17.13.35825.156 d17.13
MinimumVisualStudioVersion = 10.0.40219.1
Project("{FAE04EC0-301F-11D3-BF4B-00C04F79EFBC}") = "Practica 15", "Practica 15.csproj", "{BF0C6CEF-51CD-481F-8ED5-2082FBE8F7FC}"
EndProject
Global
	GlobalSection(SolutionConfigurationPlatforms) = preSolution
		Debug|Any CPU = Debug|Any CPU
		Release|Any CPU = Release|Any CPU
	EndGlobalSection
	GlobalSection(ProjectConfigurationPlatforms) = postSolution
		{BF0C6CEF-51CD-481F-8ED5-2082FBE8F7FC}.Debug|Any CPU.ActiveCfg = Debug|Any CPU
		{BF0C6CEF-51CD-481F-8ED5-2082FBE8F7FC}.Debug|Any CPU.Build.0 = Debug|Any CPU
		{BF0C6CEF-51CD-481F-8ED5-2082FBE8F7FC}.Release|Any CPU.ActiveCfg = Release|Any CPU
		{BF0C6CEF-51CD-481F-8ED5-2082FBE8F7FC}.Release|Any CPU.Build.0 = Release|Any CPU
	EndGlobalSection
	GlobalSection(SolutionProperties) = preSolution
		HideSolutionNode = FALSE
	EndGlobalSection
	GlobalSection(ExtensibilityGlobals) = postSolution
		SolutionGuid = {6F13992A-B26D-4872-B5A0-CA79A8372D17}
	EndGlobalSection
EndGlobal
