
Microsoft Visual Studio Solution File, Format Version 12.00
# Visual Studio Version 17
VisualStudioVersion = 17.13.35825.156 d17.13
MinimumVisualStudioVersion = 10.0.40219.1
Project("{FAE04EC0-301F-11D3-BF4B-00C04F79EFBC}") = "Imprime numeros", "Imprime numeros.csproj", "{0673BDFF-95E2-4E1D-8567-7A6F60649451}"
EndProject
Global
	GlobalSection(SolutionConfigurationPlatforms) = preSolution
		Debug|Any CPU = Debug|Any CPU
		Release|Any CPU = Release|Any CPU
	EndGlobalSection
	GlobalSection(ProjectConfigurationPlatforms) = postSolution
		{0673BDFF-95E2-4E1D-8567-7A6F60649451}.Debug|Any CPU.ActiveCfg = Debug|Any CPU
		{0673BDFF-95E2-4E1D-8567-7A6F60649451}.Debug|Any CPU.Build.0 = Debug|Any CPU
		{0673BDFF-95E2-4E1D-8567-7A6F60649451}.Release|Any CPU.ActiveCfg = Release|Any CPU
		{0673BDFF-95E2-4E1D-8567-7A6F60649451}.Release|Any CPU.Build.0 = Release|Any CPU
	EndGlobalSection
	GlobalSection(SolutionProperties) = preSolution
		HideSolutionNode = FALSE
	EndGlobalSection
	GlobalSection(ExtensibilityGlobals) = postSolution
		SolutionGuid = {5EFB3BD6-DBED-45F6-9E1A-C48C16DC98A8}
	EndGlobalSection
EndGlobal
