
Microsoft Visual Studio Solution File, Format Version 12.00
# Visual Studio Version 17
VisualStudioVersion = 17.13.35825.156 d17.13
MinimumVisualStudioVersion = 10.0.40219.1
Project("{FAE04EC0-301F-11D3-BF4B-00C04F79EFBC}") = "Escribe los números del 0 al 10", "Escribe los números del 0 al 10.csproj", "{3C32BF56-6ED8-4269-995F-56150DA981DC}"
EndProject
Global
	GlobalSection(SolutionConfigurationPlatforms) = preSolution
		Debug|Any CPU = Debug|Any CPU
		Release|Any CPU = Release|Any CPU
	EndGlobalSection
	GlobalSection(ProjectConfigurationPlatforms) = postSolution
		{3C32BF56-6ED8-4269-995F-56150DA981DC}.Debug|Any CPU.ActiveCfg = Debug|Any CPU
		{3C32BF56-6ED8-4269-995F-56150DA981DC}.Debug|Any CPU.Build.0 = Debug|Any CPU
		{3C32BF56-6ED8-4269-995F-56150DA981DC}.Release|Any CPU.ActiveCfg = Release|Any CPU
		{3C32BF56-6ED8-4269-995F-56150DA981DC}.Release|Any CPU.Build.0 = Release|Any CPU
	EndGlobalSection
	GlobalSection(SolutionProperties) = preSolution
		HideSolutionNode = FALSE
	EndGlobalSection
	GlobalSection(ExtensibilityGlobals) = postSolution
		SolutionGuid = {54FE70EF-C4F4-4726-AE6C-1A3EA825342F}
	EndGlobalSection
EndGlobal
