
Microsoft Visual Studio Solution File, Format Version 12.00
# Visual Studio Version 17
VisualStudioVersion = 17.13.35825.156 d17.13
MinimumVisualStudioVersion = 10.0.40219.1
Project("{FAE04EC0-301F-11D3-BF4B-00C04F79EFBC}") = "Practica 20", "Practica 20.csproj", "{A7016090-37DE-4F03-9BF0-0FC5A2A30E5D}"
EndProject
Global
	GlobalSection(SolutionConfigurationPlatforms) = preSolution
		Debug|Any CPU = Debug|Any CPU
		Release|Any CPU = Release|Any CPU
	EndGlobalSection
	GlobalSection(ProjectConfigurationPlatforms) = postSolution
		{A7016090-37DE-4F03-9BF0-0FC5A2A30E5D}.Debug|Any CPU.ActiveCfg = Debug|Any CPU
		{A7016090-37DE-4F03-9BF0-0FC5A2A30E5D}.Debug|Any CPU.Build.0 = Debug|Any CPU
		{A7016090-37DE-4F03-9BF0-0FC5A2A30E5D}.Release|Any CPU.ActiveCfg = Release|Any CPU
		{A7016090-37DE-4F03-9BF0-0FC5A2A30E5D}.Release|Any CPU.Build.0 = Release|Any CPU
	EndGlobalSection
	GlobalSection(SolutionProperties) = preSolution
		HideSolutionNode = FALSE
	EndGlobalSection
	GlobalSection(ExtensibilityGlobals) = postSolution
		SolutionGuid = {4D378EC3-CB97-4B98-8477-8D1B0B726F52}
	EndGlobalSection
EndGlobal
