
Microsoft Visual Studio Solution File, Format Version 12.00
# Visual Studio Version 17
VisualStudioVersion = 17.13.35825.156 d17.13
MinimumVisualStudioVersion = 10.0.40219.1
Project("{FAE04EC0-301F-11D3-BF4B-00C04F79EFBC}") = "Practica 16", "Practica 16.csproj", "{5CE2F7B1-31C3-49FE-91D9-21A23DD34531}"
EndProject
Global
	GlobalSection(SolutionConfigurationPlatforms) = preSolution
		Debug|Any CPU = Debug|Any CPU
		Release|Any CPU = Release|Any CPU
	EndGlobalSection
	GlobalSection(ProjectConfigurationPlatforms) = postSolution
		{5CE2F7B1-31C3-49FE-91D9-21A23DD34531}.Debug|Any CPU.ActiveCfg = Debug|Any CPU
		{5CE2F7B1-31C3-49FE-91D9-21A23DD34531}.Debug|Any CPU.Build.0 = Debug|Any CPU
		{5CE2F7B1-31C3-49FE-91D9-21A23DD34531}.Release|Any CPU.ActiveCfg = Release|Any CPU
		{5CE2F7B1-31C3-49FE-91D9-21A23DD34531}.Release|Any CPU.Build.0 = Release|Any CPU
	EndGlobalSection
	GlobalSection(SolutionProperties) = preSolution
		HideSolutionNode = FALSE
	EndGlobalSection
	GlobalSection(ExtensibilityGlobals) = postSolution
		SolutionGuid = {8A76F027-77BF-489D-9013-2C9BDBC12A9E}
	EndGlobalSection
EndGlobal
