
Microsoft Visual Studio Solution File, Format Version 12.00
# Visual Studio Version 17
VisualStudioVersion = 17.13.35825.156 d17.13
MinimumVisualStudioVersion = 10.0.40219.1
Project("{FAE04EC0-301F-11D3-BF4B-00C04F79EFBC}") = "Practica 18", "Practica 18.csproj", "{F073D17D-D8BB-4F73-8EFA-C6A0E4CD4350}"
EndProject
Global
	GlobalSection(SolutionConfigurationPlatforms) = preSolution
		Debug|Any CPU = Debug|Any CPU
		Release|Any CPU = Release|Any CPU
	EndGlobalSection
	GlobalSection(ProjectConfigurationPlatforms) = postSolution
		{F073D17D-D8BB-4F73-8EFA-C6A0E4CD4350}.Debug|Any CPU.ActiveCfg = Debug|Any CPU
		{F073D17D-D8BB-4F73-8EFA-C6A0E4CD4350}.Debug|Any CPU.Build.0 = Debug|Any CPU
		{F073D17D-D8BB-4F73-8EFA-C6A0E4CD4350}.Release|Any CPU.ActiveCfg = Release|Any CPU
		{F073D17D-D8BB-4F73-8EFA-C6A0E4CD4350}.Release|Any CPU.Build.0 = Release|Any CPU
	EndGlobalSection
	GlobalSection(SolutionProperties) = preSolution
		HideSolutionNode = FALSE
	EndGlobalSection
	GlobalSection(ExtensibilityGlobals) = postSolution
		SolutionGuid = {C5A6DB84-1D39-4896-B0D5-E7D5D97B6AC0}
	EndGlobalSection
EndGlobal
