
Microsoft Visual Studio Solution File, Format Version 12.00
# Visual Studio Version 17
VisualStudioVersion = 17.13.35825.156 d17.13
MinimumVisualStudioVersion = 10.0.40219.1
Project("{FAE04EC0-301F-11D3-BF4B-00C04F79EFBC}") = "Practica 13", "Practica 13.csproj", "{A1E31BCE-E382-4331-A068-41932D11F074}"
EndProject
Global
	GlobalSection(SolutionConfigurationPlatforms) = preSolution
		Debug|Any CPU = Debug|Any CPU
		Release|Any CPU = Release|Any CPU
	EndGlobalSection
	GlobalSection(ProjectConfigurationPlatforms) = postSolution
		{A1E31BCE-E382-4331-A068-41932D11F074}.Debug|Any CPU.ActiveCfg = Debug|Any CPU
		{A1E31BCE-E382-4331-A068-41932D11F074}.Debug|Any CPU.Build.0 = Debug|Any CPU
		{A1E31BCE-E382-4331-A068-41932D11F074}.Release|Any CPU.ActiveCfg = Release|Any CPU
		{A1E31BCE-E382-4331-A068-41932D11F074}.Release|Any CPU.Build.0 = Release|Any CPU
	EndGlobalSection
	GlobalSection(SolutionProperties) = preSolution
		HideSolutionNode = FALSE
	EndGlobalSection
	GlobalSection(ExtensibilityGlobals) = postSolution
		SolutionGuid = {98C24DB7-780B-413F-BBD9-1696D446EB91}
	EndGlobalSection
EndGlobal
