
Microsoft Visual Studio Solution File, Format Version 12.00
# Visual Studio Version 17
VisualStudioVersion = 17.13.35825.156 d17.13
MinimumVisualStudioVersion = 10.0.40219.1
Project("{FAE04EC0-301F-11D3-BF4B-00C04F79EFBC}") = "Par o Impar", "Par o Impar.csproj", "{995B2E18-6F9E-49E8-903E-0F4ADDB6AD3D}"
EndProject
Global
	GlobalSection(SolutionConfigurationPlatforms) = preSolution
		Debug|Any CPU = Debug|Any CPU
		Release|Any CPU = Release|Any CPU
	EndGlobalSection
	GlobalSection(ProjectConfigurationPlatforms) = postSolution
		{995B2E18-6F9E-49E8-903E-0F4ADDB6AD3D}.Debug|Any CPU.ActiveCfg = Debug|Any CPU
		{995B2E18-6F9E-49E8-903E-0F4ADDB6AD3D}.Debug|Any CPU.Build.0 = Debug|Any CPU
		{995B2E18-6F9E-49E8-903E-0F4ADDB6AD3D}.Release|Any CPU.ActiveCfg = Release|Any CPU
		{995B2E18-6F9E-49E8-903E-0F4ADDB6AD3D}.Release|Any CPU.Build.0 = Release|Any CPU
	EndGlobalSection
	GlobalSection(SolutionProperties) = preSolution
		HideSolutionNode = FALSE
	EndGlobalSection
	GlobalSection(ExtensibilityGlobals) = postSolution
		SolutionGuid = {588831E7-6940-4BDB-BC9F-596BDD47CA95}
	EndGlobalSection
EndGlobal
