
Microsoft Visual Studio Solution File, Format Version 12.00
# Visual Studio Version 17
VisualStudioVersion = 17.13.35825.156 d17.13
MinimumVisualStudioVersion = 10.0.40219.1
Project("{FAE04EC0-301F-11D3-BF4B-00C04F79EFBC}") = "introduce y suma numeros", "introduce y suma numeros.csproj", "{A9E826D5-4EF1-4E19-A5E5-46430A180A0F}"
EndProject
Global
	GlobalSection(SolutionConfigurationPlatforms) = preSolution
		Debug|Any CPU = Debug|Any CPU
		Release|Any CPU = Release|Any CPU
	EndGlobalSection
	GlobalSection(ProjectConfigurationPlatforms) = postSolution
		{A9E826D5-4EF1-4E19-A5E5-46430A180A0F}.Debug|Any CPU.ActiveCfg = Debug|Any CPU
		{A9E826D5-4EF1-4E19-A5E5-46430A180A0F}.Debug|Any CPU.Build.0 = Debug|Any CPU
		{A9E826D5-4EF1-4E19-A5E5-46430A180A0F}.Release|Any CPU.ActiveCfg = Release|Any CPU
		{A9E826D5-4EF1-4E19-A5E5-46430A180A0F}.Release|Any CPU.Build.0 = Release|Any CPU
	EndGlobalSection
	GlobalSection(SolutionProperties) = preSolution
		HideSolutionNode = FALSE
	EndGlobalSection
	GlobalSection(ExtensibilityGlobals) = postSolution
		SolutionGuid = {89986A74-9C93-4535-8787-C407696355F4}
	EndGlobalSection
EndGlobal
