
Microsoft Visual Studio Solution File, Format Version 12.00
# Visual Studio Version 17
VisualStudioVersion = 17.13.35825.156 d17.13
MinimumVisualStudioVersion = 10.0.40219.1
Project("{FAE04EC0-301F-11D3-BF4B-00C04F79EFBC}") = "Calcular valores de ecuación", "Calcular valores de ecuación.csproj", "{114DB833-3F7B-4225-B2AC-5D557F062276}"
EndProject
Global
	GlobalSection(SolutionConfigurationPlatforms) = preSolution
		Debug|Any CPU = Debug|Any CPU
		Release|Any CPU = Release|Any CPU
	EndGlobalSection
	GlobalSection(ProjectConfigurationPlatforms) = postSolution
		{114DB833-3F7B-4225-B2AC-5D557F062276}.Debug|Any CPU.ActiveCfg = Debug|Any CPU
		{114DB833-3F7B-4225-B2AC-5D557F062276}.Debug|Any CPU.Build.0 = Debug|Any CPU
		{114DB833-3F7B-4225-B2AC-5D557F062276}.Release|Any CPU.ActiveCfg = Release|Any CPU
		{114DB833-3F7B-4225-B2AC-5D557F062276}.Release|Any CPU.Build.0 = Release|Any CPU
	EndGlobalSection
	GlobalSection(SolutionProperties) = preSolution
		HideSolutionNode = FALSE
	EndGlobalSection
	GlobalSection(ExtensibilityGlobals) = postSolution
		SolutionGuid = {8111603A-E7AA-48F4-96BE-D3A7B60AE1DE}
	EndGlobalSection
EndGlobal
